id: triggers-006
title: "Job Blocked Silently by Environment Protection Rules — No Clear Log Message"
category: triggers
severity: warning
tags:
  - environment
  - protection-rules
  - deployment
  - approval
  - branch-restriction
  - silent-wait
patterns:
  - regex: "Waiting for.*environment.*approval"
    flags: "i"
  - regex: "Branch '.*' is not allowed to deploy to .* due to environment protection rules"
    flags: "i"
  - regex: "Expected.*Waiting for status to be reported"
    flags: "i"
error_messages:
  - "Branch 'feature/my-branch' is not allowed to deploy to production due to environment protection rules."
  - "Waiting for approval — This workflow run requires approval from the environment's configured reviewers."
  - "Expected — Waiting for status to be reported"
root_cause: |
  GitHub Environments can have protection rules that gate job execution:
  - **Required reviewers**: A human must approve the deployment before the job runs.
  - **Branch/tag restrictions**: Only specific branches or tags are allowed to
    deploy to the environment (e.g., only `main` can deploy to `production`).
  - **Required status checks**: External status checks must pass first.
  - **Wait timers**: A mandatory delay before the job can proceed.

  When a job targets an environment with unsatisfied protection rules, it enters
  a waiting state in the GitHub UI. The **workflow log may not show a clear
  failure message** — the job simply appears as pending or "Expected — Waiting
  for status to be reported." This is a common source of confusion for teams
  that enable environment protection rules for the first time, especially in
  forks or feature-branch workflows where the branch is not in the allowed list.

  Documented in GitHub Community discussions #39054 and #26698.
fix: |
  1. **Check environment settings**: Repository Settings → Environments → select
     the environment → review protection rules (required reviewers, deployment
     branches, required checks, wait timers).

  2. **For branch restriction failures**: Add the branch that the workflow runs
     on to the environment's "Deployment branches and tags" list, or change the
     policy to "No restriction" for non-production environments.

  3. **For pending approval**: A configured reviewer must approve the deployment
     in the GitHub UI (Actions tab → select the run → click "Review deployments").

  4. **For automated CI**: Use a separate environment with no protection rules
     for automated test deployments, and reserve protected environments for
     production deployments that require human approval.

  5. **For fork PRs**: Environments with protection rules can silently block
     fork PRs since the fork branch is not in the allowed branch list — use a
     separate no-protection environment for fork PR validation jobs.
fix_code:
  - language: yaml
    label: "Use separate environments for CI vs production"
    code: |
      jobs:
        deploy-staging:
          runs-on: ubuntu-latest
          environment: staging    # ✅ no protection rules — runs immediately
          steps:
            - run: ./deploy.sh staging

        deploy-production:
          needs: deploy-staging
          runs-on: ubuntu-latest
          environment: production  # 🔒 has required reviewers — waits for approval
          if: github.ref == 'refs/heads/main'  # ✅ only main is in allowed branch list
          steps:
            - run: ./deploy.sh production
  - language: yaml
    label: "Check branch restriction: ensure workflow branch is in allowed list"
    code: |
      # In GitHub UI: Settings → Environments → production → Deployment branches
      # Add "main" or change policy to match your workflow's ref.
      #
      # In workflow: use github.ref_name to verify before targeting environment
      jobs:
        deploy:
          runs-on: ubuntu-latest
          # Only run on main — matches production environment's branch restriction
          if: github.ref == 'refs/heads/main'
          environment: production
          steps:
            - run: ./deploy.sh
prevention:
  - "Document environment protection rules in your repository's CONTRIBUTING.md so all developers know which branches can deploy where."
  - "Test protection rules in a staging environment before applying them to production — the silent-wait behavior is surprising on first encounter."
  - "For automated CI workflows that run on feature branches, use environments without branch restrictions or required reviewers."
  - "After enabling environment protection rules, verify the workflow can actually trigger by running a test deployment from an allowed branch."
  - "Monitor for stuck jobs in the Actions tab — a job sitting in 'waiting' or 'Expected' state usually means an environment protection rule is blocking it."
docs:
  - url: "https://docs.github.com/en/actions/deployment/targeting-different-environments/using-environments-for-deployment"
    label: "Using environments for deployment — protection rules"
  - url: "https://github.com/orgs/community/discussions/39054"
    label: "GitHub Community #39054 — Branch not allowed to deploy due to environment protection rules"
  - url: "https://github.com/orgs/community/discussions/26698"
    label: "GitHub Community #26698 — Job stuck in Expected / Waiting for status to be reported"
  - url: "https://stackoverflow.com/questions/72109150/github-action-avoid-approval-on-same-environment-rule-within-same-workflow"
    label: "Stack Overflow — Avoiding approval in same environment within same workflow"
